# THIS IS AN AUTOGENERATED FILE. DO NOT EDIT THIS FILE DIRECTLY.
# yarn lockfile v1


"@material/animation@^5.1.0":
  version "5.1.0"
  resolved "https://registry.yarnpkg.com/@material/animation/-/animation-5.1.0.tgz#f2d2ffe346f2612bb40d9e8bfb976290b91173f7"
  integrity sha512-qZuPCZkTsCQCzx5EtY2eNBcmYOMGMbFVq6VTmvQztDCYDykT8JfP8Hpk55Y5bGORHvBbIasUXzoAhfQs6w/Bdg==
  dependencies:
    tslib "^1.9.3"

"@material/base@^5.1.0":
  version "5.1.0"
  resolved "https://registry.yarnpkg.com/@material/base/-/base-5.1.0.tgz#bd252eb3674c27c1ce690ad98905b4b1d39da30a"
  integrity sha512-UxVFKpSNaoKqd7hHxy9hrvwANp0WJy/BZqu8Rj/aRvKnBZnuHehFuOysI9WqdeTqgveJaQoj6EEkVEqLurR5Sg==
  dependencies:
    tslib "^1.9.3"

"@material/button@^5.1.0":
  version "5.1.0"
  resolved "https://registry.yarnpkg.com/@material/button/-/button-5.1.0.tgz#22986368ce12faad142ba01c4aeb42f6a380dffb"
  integrity sha512-umeuIEbeRRd0cY+5axhrBoM0dvJ4YfoTsUbKgz4ctFxHLBsgthFUIXSa3Ot15s284UP6kjslK0LCMqzhirZxeQ==
  dependencies:
    "@material/density" "^5.1.0"
    "@material/elevation" "^5.1.0"
    "@material/feature-targeting" "^5.1.0"
    "@material/ripple" "^5.1.0"
    "@material/rtl" "^5.1.0"
    "@material/shape" "^5.1.0"
    "@material/theme" "^5.1.0"
    "@material/touch-target" "^5.1.0"
    "@material/typography" "^5.1.0"

"@material/card@^5.1.0":
  version "5.1.0"
  resolved "https://registry.yarnpkg.com/@material/card/-/card-5.1.0.tgz#db3e0b52b09e832cb39f81e9384b792e33c24104"
  integrity sha512-/syao6oR/PAvzs04quybeCWHZVn4W2dNnxIOWIJTRQced0/o3gYrHgQSX+edC+6pEnSr3Drwbo2cye7nRdbixA==
  dependencies:
    "@material/elevation" "^5.1.0"
    "@material/feature-targeting" "^5.1.0"
    "@material/ripple" "^5.1.0"
    "@material/rtl" "^5.1.0"
    "@material/shape" "^5.1.0"
    "@material/theme" "^5.1.0"

"@material/density@^5.1.0":
  version "5.1.0"
  resolved "https://registry.yarnpkg.com/@material/density/-/density-5.1.0.tgz#d36512d413a00595122f98303766dae6b9e9fabe"
  integrity sha512-jmp6AgiNYosl+HicxWCa8vib9pg9tNxRcf+6f9LDkDYJ9jtO90PXuypyd0hO64JZ9Df7BywFj5hTWPERG1FBbw==

"@material/dialog@^5.1.0":
  version "5.1.0"
  resolved "https://registry.yarnpkg.com/@material/dialog/-/dialog-5.1.0.tgz#3ea64b22b728e1e1251aaf0bb4b4a675aad73785"
  integrity sha512-CxA0W0uzXuwJNivB6Gbb7DvtJL3+J7ghsaSL1HfycXVXfdrT1nSidLyOIthRMVBUBJrAMfusvtzFDgXr0TWqDg==
  dependencies:
    "@material/animation" "^5.1.0"
    "@material/base" "^5.1.0"
    "@material/button" "^5.1.0"
    "@material/dom" "^5.1.0"
    "@material/elevation" "^5.1.0"
    "@material/feature-targeting" "^5.1.0"
    "@material/ripple" "^5.1.0"
    "@material/rtl" "^5.1.0"
    "@material/shape" "^5.1.0"
    "@material/theme" "^5.1.0"
    "@material/touch-target" "^5.1.0"
    "@material/typography" "^5.1.0"
    tslib "^1.9.3"

"@material/dom@^5.1.0":
  version "5.1.0"
  resolved "https://registry.yarnpkg.com/@material/dom/-/dom-5.1.0.tgz#fefb96e1f744653dfc3ecdb01f7ebef81ce1faeb"
  integrity sha512-tBbl3hG34Auv+2sboWhtstXeZ9rx3G7hb/jEXs5xZ5KIfZHwY4mbo0KqR/fSJZKaUsvk2Nc/UEOVcUx2mTNmYg==
  dependencies:
    tslib "^1.9.3"

"@material/elevation@^5.1.0":
  version "5.1.0"
  resolved "https://registry.yarnpkg.com/@material/elevation/-/elevation-5.1.0.tgz#569065f858dd1dfb83d3ba4951ed6e449da1d545"
  integrity sha512-NsWIT+L6x3BLouCOh3H8x885/nCrNNmzCwHEodz/0PcYQsxx9RiIVFkagmJWw/w//jej/D4NotD0xHGKOWTrFA==
  dependencies:
    "@material/animation" "^5.1.0"
    "@material/base" "^5.1.0"
    "@material/feature-targeting" "^5.1.0"
    "@material/theme" "^5.1.0"

"@material/feature-targeting@^5.1.0":
  version "5.1.0"
  resolved "https://registry.yarnpkg.com/@material/feature-targeting/-/feature-targeting-5.1.0.tgz#49265bbd4ff59b1cd20a385b5547f7c246cb1955"
  integrity sha512-z3JNWF7lP9WOzw1xBwul/HAOu4qC6EpK/8MkhjLNI9APvdYML82PWS1V0k0MiqA6Jk6uxm8DiVAk9VUqBa9/YA==

"@material/floating-label@^5.1.0":
  version "5.1.0"
  resolved "https://registry.yarnpkg.com/@material/floating-label/-/floating-label-5.1.0.tgz#8d654b3f2ca98248e5a73a63feec8f4523c5ab4f"
  integrity sha512-5EwPiBa5A4Q678tNWdkkBGDdSCDzudhVgBtRiA/7xRo4dHXiBxX5bhE+RHrF3ZQyEf6fsShspqwAFkTA1EaplQ==
  dependencies:
    "@material/animation" "^5.1.0"
    "@material/base" "^5.1.0"
    "@material/dom" "^5.1.0"
    "@material/feature-targeting" "^5.1.0"
    "@material/rtl" "^5.1.0"
    "@material/theme" "^5.1.0"
    "@material/typography" "^5.1.0"
    tslib "^1.9.3"

"@material/icon-button@^5.1.0":
  version "5.1.0"
  resolved "https://registry.yarnpkg.com/@material/icon-button/-/icon-button-5.1.0.tgz#224c5607ca272feac41ec223816ee1233fb2b018"
  integrity sha512-HLdSkqDH1wx5YSBHz8dGEL2BKv8IDqhRul7wea9i9/3RcQz3hb5+OYpq8iiXqpxcVPVlWNud2w1oyvmEXRTdZQ==
  dependencies:
    "@material/base" "^5.1.0"
    "@material/density" "^5.1.0"
    "@material/feature-targeting" "^5.1.0"
    "@material/ripple" "^5.1.0"
    "@material/theme" "^5.1.0"
    tslib "^1.9.3"

"@material/line-ripple@^5.1.0":
  version "5.1.0"
  resolved "https://registry.yarnpkg.com/@material/line-ripple/-/line-ripple-5.1.0.tgz#86cb1b8a91bf010231109211b8eb38ad059f5f23"
  integrity sha512-esf2/ROZl1eVpyGCWPvxMSGVkuIOG5Fm6qufOLp7XIx5IL1O0bsm+bV6cVC4JCCtmNOag4GOBgkKKbkOvp/R6g==
  dependencies:
    "@material/animation" "^5.1.0"
    "@material/base" "^5.1.0"
    "@material/feature-targeting" "^5.1.0"
    "@material/theme" "^5.1.0"
    tslib "^1.9.3"

"@material/linear-progress@5.1.0":
  version "5.1.0"
  resolved "https://registry.yarnpkg.com/@material/linear-progress/-/linear-progress-5.1.0.tgz#e1d9c0f65f19588845c2f30370545441c9fe505a"
  integrity sha512-wuBH2Y7psdiG5ubsKCHFWriHv4IqLeUARCmHoHyFsAdW0snwMPzSgb2mbVDiGl5gjWbSDxBsqGjKo5kOl3Vaug==
  dependencies:
    "@material/animation" "^5.1.0"
    "@material/base" "^5.1.0"
    "@material/feature-targeting" "^5.1.0"
    "@material/progress-indicator" "^5.1.0"
    "@material/theme" "^5.1.0"
    tslib "^1.9.3"

"@material/notched-outline@^5.1.0":
  version "5.1.0"
  resolved "https://registry.yarnpkg.com/@material/notched-outline/-/notched-outline-5.1.0.tgz#4ec97001ed6bbb66f04100b7745ae99d19a4d16e"
  integrity sha512-mQ3NjJR1jLXnJi6jhs20ftTf0yU1gWpYlyx1GizU0f7pLEqcIrFnw6G+pavcnKqP+JXNkzAQeGbmZvYBQnxokA==
  dependencies:
    "@material/base" "^5.1.0"
    "@material/feature-targeting" "^5.1.0"
    "@material/floating-label" "^5.1.0"
    "@material/rtl" "^5.1.0"
    "@material/shape" "^5.1.0"
    "@material/theme" "^5.1.0"
    tslib "^1.9.3"

"@material/progress-indicator@^5.1.0":
  version "5.1.0"
  resolved "https://registry.yarnpkg.com/@material/progress-indicator/-/progress-indicator-5.1.0.tgz#d7885c4d2de7d3c9c0951bf19cc4bb6344d75cab"
  integrity sha512-+bsiQogKFu42Td8cXpsxX1u2BOyB4erR6NBWMrSWZJNmKM95EFQrQEnr9nxfU94bY47V3UqYtcAY9Y6GgfJyZQ==
  dependencies:
    tslib "^1.9.3"

"@material/ripple@^5.1.0":
  version "5.1.0"
  resolved "https://registry.yarnpkg.com/@material/ripple/-/ripple-5.1.0.tgz#6624e0ff7718d6bfa65fecd0bca4c03d2696c07b"
  integrity sha512-mluIf+HaaCplszp9/MAl178FpfIJWi5hSyQOpF7w8RTzRSaH8J0uwgmn8VeNnwe1TAWio0vQzHrz4iEg2r7Ngw==
  dependencies:
    "@material/animation" "^5.1.0"
    "@material/base" "^5.1.0"
    "@material/dom" "^5.1.0"
    "@material/feature-targeting" "^5.1.0"
    "@material/theme" "^5.1.0"
    tslib "^1.9.3"

"@material/rtl@^5.1.0":
  version "5.1.0"
  resolved "https://registry.yarnpkg.com/@material/rtl/-/rtl-5.1.0.tgz#abd8c2bb5322b8fbe549e2f467791612720da746"
  integrity sha512-Hij4KJIfjK63HArdQ3K1INMo0MbigDgL0JhjO1VDk5c+iYmYpjDI7wgPLmV5ISCBtenXRWpo1xbBO3uEmtCd4Q==

"@material/shape@^5.1.0":
  version "5.1.0"
  resolved "https://registry.yarnpkg.com/@material/shape/-/shape-5.1.0.tgz#155d01c6fdc90a9225fef297fe146c1946a6c147"
  integrity sha512-/k27T9fhQ1zj7VCsS26nv0TzsOi142ncik2mycEXq8753PDBotob7Y19pbwivwt9QxkglhMGH0EaWdZPzBoQXw==
  dependencies:
    "@material/feature-targeting" "^5.1.0"
    "@material/rtl" "^5.1.0"

"@material/textfield@^5.1.0":
  version "5.1.0"
  resolved "https://registry.yarnpkg.com/@material/textfield/-/textfield-5.1.0.tgz#75f68c62dc916116330a4c958ba3866c87bd6002"
  integrity sha512-Vipvw75AXj4G/BGXv3DyrGozbvHxGtcNGig1e5pz1ERvcmZN5epLyGStznxEIZYNf0Q+6O/NwSRxZGgrdI2w8w==
  dependencies:
    "@material/animation" "^5.1.0"
    "@material/base" "^5.1.0"
    "@material/density" "^5.1.0"
    "@material/dom" "^5.1.0"
    "@material/feature-targeting" "^5.1.0"
    "@material/floating-label" "^5.1.0"
    "@material/line-ripple" "^5.1.0"
    "@material/notched-outline" "^5.1.0"
    "@material/ripple" "^5.1.0"
    "@material/rtl" "^5.1.0"
    "@material/shape" "^5.1.0"
    "@material/theme" "^5.1.0"
    "@material/typography" "^5.1.0"
    tslib "^1.9.3"

"@material/theme@^5.1.0":
  version "5.1.0"
  resolved "https://registry.yarnpkg.com/@material/theme/-/theme-5.1.0.tgz#013c37d055afc5d4045c77e44c9fd1f940ff865b"
  integrity sha512-VoaCYAubn/oEG1/fu/yP4nxAw8sLEphFOGGBJxcPGQoLgQ9qcvibsV3G5H9S6AtmhJxgSGU0JnO9TaiuhQq5zA==
  dependencies:
    "@material/feature-targeting" "^5.1.0"

"@material/touch-target@^5.1.0":
  version "5.1.0"
  resolved "https://registry.yarnpkg.com/@material/touch-target/-/touch-target-5.1.0.tgz#0e03ba901acf118c91eb4cfa02034964424565a2"
  integrity sha512-lR3eoL1D0I/hyEK6I7bMFDBy/pE0yYvjYUZtL1vC7+2i54A4FgQ2hwnpQJVaZQXzrHdj6xsXmODphmUsH5gqPA==
  dependencies:
    "@material/base" "^5.1.0"
    "@material/feature-targeting" "^5.1.0"

"@material/typography@^5.1.0":
  version "5.1.0"
  resolved "https://registry.yarnpkg.com/@material/typography/-/typography-5.1.0.tgz#b346f4139b231f17c84c439a1c7af311c40c5844"
  integrity sha512-yh02koa6JLyPT5u7Zb31kyqhoZoppL0n9FmZK+eHXZcfeDF7ROL0UmtRsEjQxfnCNZRR+FIhAgrzdYxClwH05g==
  dependencies:
    "@material/feature-targeting" "^5.1.0"
    "@material/theme" "^5.1.0"

"@rescript/react@^0.10.1":
  version "0.10.1"
  resolved "https://registry.yarnpkg.com/@rescript/react/-/react-0.10.1.tgz#ddce66ba664a104354d559c350ca4ebf17ab5a26"
  integrity sha512-5eIfGnV1yhjv03ktK6fQ6iEfsZKXKXXrq5hx4+ngEY4R/RU8o/oH9ne375m9RJMugV/jsE8hMoEeSSg2YQy3Ag==

"@rmwc/avatar@^6.1.4":
  version "6.1.4"
  resolved "https://registry.yarnpkg.com/@rmwc/avatar/-/avatar-6.1.4.tgz#69b4ec6e61a237c7fceaa3f24aa2989d35527426"
  integrity sha512-fKG8dukP7USaFY2xtjyITRn8GLecrEwrFOuNjjGxcNKQ7MKrJAzRlqVbo9NCE6si8+Et4Vs6Ex64fEPWpZb14w==
  dependencies:
    "@rmwc/base" "^6.1.4"
    "@rmwc/icon" "^6.1.4"
    "@rmwc/ripple" "^6.1.4"
    "@rmwc/types" "^6.0.5"

"@rmwc/base@^6.1.4":
  version "6.1.4"
  resolved "https://registry.yarnpkg.com/@rmwc/base/-/base-6.1.4.tgz#0e6a132eee28e0f0e1dd409fc917b8b035754a02"
  integrity sha512-8HOKn+Dt+lVCat0Ug9aY0EorshuvM2gG1tQqT6+/m2IzqGhCL0mN5swxnOMWH0RD0K/XVa2CM1NyEd558/RvTA==
  dependencies:
    "@material/dom" "^5.1.0"
    "@rmwc/types" "^6.0.5"
    "@types/classnames" "^2.2.7"
    classnames "^2.2.6"
    hyperform "^0.11.0"
    mutation-observer "^1.0.3"
    tslib "^1.10.0"

"@rmwc/button@^6.1.4":
  version "6.1.4"
  resolved "https://registry.yarnpkg.com/@rmwc/button/-/button-6.1.4.tgz#9c08aaee95e25cb6c680d0f75eeed062ad4d9612"
  integrity sha512-m4vyzTWdDjaINI7Vu490pvXI0pmF6bPDXE72JJVHqhhAMkwW0LYWe53KCUzsY7Fq3vyrc0YSD7VAXSezgpbSMQ==
  dependencies:
    "@material/button" "^5.1.0"
    "@rmwc/base" "^6.1.4"
    "@rmwc/icon" "^6.1.4"
    "@rmwc/provider" "^6.1.4"
    "@rmwc/ripple" "^6.1.4"
    "@rmwc/types" "^6.0.5"

"@rmwc/card@^6.1.4":
  version "6.1.4"
  resolved "https://registry.yarnpkg.com/@rmwc/card/-/card-6.1.4.tgz#98df1be7482557e194c8128bded2d99ca932327e"
  integrity sha512-oAeghsanoA5DLfDrxQDzREusa9GuDkIXXdRosbw6EtM8w4b+Rmf9WtjclsFcEi5fHFeCrsgzJes88r8fXIslqw==
  dependencies:
    "@material/card" "^5.1.0"
    "@rmwc/base" "^6.1.4"
    "@rmwc/button" "^6.1.4"
    "@rmwc/icon-button" "^6.1.4"
    "@rmwc/ripple" "^6.1.4"
    "@rmwc/types" "^6.0.5"

"@rmwc/circular-progress@^6.1.4":
  version "6.1.4"
  resolved "https://registry.yarnpkg.com/@rmwc/circular-progress/-/circular-progress-6.1.4.tgz#c7447007f640266412ec2eb3f70fccfe763333bf"
  integrity sha512-vIJblSnz/DAUMRuOyjbu+KtnHZtYtkCuTlpXpvVmN4O2o8p4fOjj+sVoyaCmLv2FAD5CJv8JariMaJGuWlN/Bg==
  dependencies:
    "@rmwc/base" "^6.1.4"
    "@rmwc/types" "^6.0.5"

"@rmwc/dialog@^6.1.4":
  version "6.1.4"
  resolved "https://registry.yarnpkg.com/@rmwc/dialog/-/dialog-6.1.4.tgz#9245943b2aba0eaa33b730a3487d0532f7a79af7"
  integrity sha512-LzoBrBAfR06EizPGT4rWS/K+hNCrxRZwnoQrXm6c8aLejtLImfqTbU1QgwEDRO+EK7IBvhCrR71HyhXQViI1xA==
  dependencies:
    "@material/dialog" "^5.1.0"
    "@rmwc/base" "^6.1.4"
    "@rmwc/button" "^6.1.4"
    "@rmwc/textfield" "^6.1.4"
    "@rmwc/types" "^6.0.5"

"@rmwc/floating-label@^6.1.4":
  version "6.1.4"
  resolved "https://registry.yarnpkg.com/@rmwc/floating-label/-/floating-label-6.1.4.tgz#02976c4685f8425e72c8a1725a5343ca2cde934a"
  integrity sha512-X0FZGlh81VetIdiDapdSdB6JAhZRPBGXfHIzBd6F4y7ta4/V0kQo+Nv1kaq88jRMY/ROr6XwG7sMWDiM2joRrQ==
  dependencies:
    "@material/floating-label" "^5.1.0"
    "@rmwc/base" "^6.1.4"
    "@rmwc/types" "^6.0.5"

"@rmwc/icon-button@^6.1.4":
  version "6.1.4"
  resolved "https://registry.yarnpkg.com/@rmwc/icon-button/-/icon-button-6.1.4.tgz#8fb6faff493fcb4f55243454b68e134261a83161"
  integrity sha512-7P/R6J+ZvUGzgEMQsKNOHRqGU4aW4a6GNl6XM34HPsCjFE+LktNenKhcyCTzB7KVWKiofsOe+o0QBquuuo+HdA==
  dependencies:
    "@material/icon-button" "^5.1.0"
    "@rmwc/base" "^6.1.4"
    "@rmwc/icon" "^6.1.4"
    "@rmwc/ripple" "^6.1.4"
    "@rmwc/types" "^6.0.5"

"@rmwc/icon@^6.1.4":
  version "6.1.4"
  resolved "https://registry.yarnpkg.com/@rmwc/icon/-/icon-6.1.4.tgz#59ecfe641228b2f5d5d3ada7f22ff255bb9f9418"
  integrity sha512-y+qhbXqHsuXYa1kQPrkSlMG/0S6GIlEpT/nQwKpGjz2FXiwxikeiYZ6siXLVK6Y3uFiOCA7gbGGsd9BMDWljxg==
  dependencies:
    "@rmwc/base" "^6.1.4"
    "@rmwc/provider" "^6.1.4"
    "@rmwc/types" "^6.0.5"

"@rmwc/line-ripple@^6.1.4":
  version "6.1.4"
  resolved "https://registry.yarnpkg.com/@rmwc/line-ripple/-/line-ripple-6.1.4.tgz#fa8cf24207aa1e45360ce9a36c20f644d7b0479b"
  integrity sha512-lynjPp436hDrhspPFGzzqzUidsMS+D+zwSnH6G527Le7wEYjx13r2x3zCJ2tHVJWx6oxmJti+Y0QyvtPu0ehbQ==
  dependencies:
    "@material/line-ripple" "^5.1.0"
    "@rmwc/base" "^6.1.4"
    "@rmwc/types" "^6.0.5"

"@rmwc/linear-progress@^6.1.4":
  version "6.1.4"
  resolved "https://registry.yarnpkg.com/@rmwc/linear-progress/-/linear-progress-6.1.4.tgz#f615dd82452539f4f261f0956c48986afef921c1"
  integrity sha512-7ZXUEcqIGmiWSaMuY2ZzCfhd58IOpKgXOlzp4rTx78+cMuRfBmF9xpC7WYMbpHu2o4WU2mukIH55p7DFdBR17g==
  dependencies:
    "@material/linear-progress" "5.1.0"
    "@rmwc/base" "^6.1.4"
    "@rmwc/types" "^6.0.5"

"@rmwc/notched-outline@^6.1.4":
  version "6.1.4"
  resolved "https://registry.yarnpkg.com/@rmwc/notched-outline/-/notched-outline-6.1.4.tgz#479d77b698a2cd060b8802d9be0e50d864fe42b8"
  integrity sha512-Q5INGaSwBu6ceARw/kLIBzsWKN99LICFPDVYL02eJaeOwgCRfuL1Y7ot3m7BA0Dnh7ggWFHkTXeIH8T5kqXEXw==
  dependencies:
    "@material/notched-outline" "^5.1.0"
    "@rmwc/base" "^6.1.4"
    "@rmwc/types" "^6.0.5"

"@rmwc/provider@^6.1.4":
  version "6.1.4"
  resolved "https://registry.yarnpkg.com/@rmwc/provider/-/provider-6.1.4.tgz#8af9d629df4fc045a68e94d019bbcb5cf7f9120e"
  integrity sha512-883PclFrzv6KL/2R613/zdBDZe2d5nAWkT8PEU5z9ddWhOG95sJVj2/uuTc2M/l/vnstOI5YtmkbFvYYVd4XBQ==
  dependencies:
    "@rmwc/base" "^6.1.4"
    "@rmwc/types" "^6.0.5"

"@rmwc/ripple@^6.1.4":
  version "6.1.4"
  resolved "https://registry.yarnpkg.com/@rmwc/ripple/-/ripple-6.1.4.tgz#cf25b93ef141de26cf643bcaf589a345615c4021"
  integrity sha512-bWir1kCOC8h0Dr7/wk89vkZ2icfMbObYk+/1cznukRy7m5QmUvFHFKrUFANT1Qk1w6yFxXG9qZrbnXI22c23MA==
  dependencies:
    "@material/ripple" "^5.1.0"
    "@rmwc/base" "^6.1.4"
    "@rmwc/provider" "^6.1.4"
    "@rmwc/types" "^6.0.5"

"@rmwc/textfield@^6.1.4":
  version "6.1.4"
  resolved "https://registry.yarnpkg.com/@rmwc/textfield/-/textfield-6.1.4.tgz#158ab1e599f83b64d1a821228749e360c14b21f4"
  integrity sha512-K3b/exjDnHe5Lw8y8gzZ8u6O1EKOFv3Xiz4vy47TzchzOaQRHT6n0D87nACz30K1jROuaFirsUFI5z1i1Nk+Lw==
  dependencies:
    "@material/textfield" "^5.1.0"
    "@rmwc/base" "^6.1.4"
    "@rmwc/floating-label" "^6.1.4"
    "@rmwc/icon" "^6.1.4"
    "@rmwc/line-ripple" "^6.1.4"
    "@rmwc/notched-outline" "^6.1.4"
    "@rmwc/ripple" "^6.1.4"
    "@rmwc/types" "^6.0.5"

"@rmwc/theme@^6.1.4":
  version "6.1.4"
  resolved "https://registry.yarnpkg.com/@rmwc/theme/-/theme-6.1.4.tgz#f74943078ac03acba046b5e50a98ff7d84f4ffc7"
  integrity sha512-52dQNojbY7m5q64QyqU7bNaRyywm4FCrFJK3EVYjmoAyYcWrGAKVqA2cisPv29wpYOdfSC7f0fM93xlOR4MXUQ==
  dependencies:
    "@material/theme" "^5.1.0"
    "@rmwc/base" "^6.1.4"
    "@rmwc/types" "^6.0.5"

"@rmwc/tooltip@^6.1.4":
  version "6.1.4"
  resolved "https://registry.yarnpkg.com/@rmwc/tooltip/-/tooltip-6.1.4.tgz#f228c61145e4502c12aae64198ea70145ae3fb28"
  integrity sha512-HPgEw2vqvJpHXefx+IuTHA6+MlrRV8M8NQAVWUJlc7PG3anF62Bg01Xy0FqWJ9D1FbDSYGE05DSmbTEbd3nboA==
  dependencies:
    "@rmwc/base" "^6.1.4"
    "@rmwc/provider" "^6.1.4"
    rc-tooltip "3.7.3"

"@rmwc/types@^6.0.5":
  version "6.0.5"
  resolved "https://registry.yarnpkg.com/@rmwc/types/-/types-6.0.5.tgz#2b388d9a1512f06b43d78a1c364299c663e01061"
  integrity sha512-G4NZxakwsTMFxxpEWX90MOlZtVNzCwooLUg7FH7Oh5OJCnKWGmXK8ZMF59vvIEn7zCiEpVroKhOxNpMw9TIUTw==

"@rmwc/typography@^6.1.4":
  version "6.1.4"
  resolved "https://registry.yarnpkg.com/@rmwc/typography/-/typography-6.1.4.tgz#81477ad4b69ec3518d489ce8f009c72d745e5971"
  integrity sha512-X8Fez+AQEBzLwFijNlhSHPUGgCnbaPkcwJCQ4grAxBPIo4c7M9VA6/XvFTrcHntNbY/x2RSHNQCPdZCUdz2tyw==
  dependencies:
    "@material/typography" "^5.1.0"
    "@rmwc/base" "^6.1.4"
    "@rmwc/provider" "^6.1.4"
    "@rmwc/types" "^6.0.5"

"@types/classnames@^2.2.7":
  version "2.2.11"
  resolved "https://registry.yarnpkg.com/@types/classnames/-/classnames-2.2.11.tgz#2521cc86f69d15c5b90664e4829d84566052c1cf"
  integrity sha512-2koNhpWm3DgWRp5tpkiJ8JGc1xTn2q0l+jUNUE7oMKXUf5NpI9AIdC4kbjGNFBdHtcxBD18LAksoudAVhFKCjw==

add-dom-event-listener@^1.1.0:
  version "1.1.0"
  resolved "https://registry.yarnpkg.com/add-dom-event-listener/-/add-dom-event-listener-1.1.0.tgz#6a92db3a0dd0abc254e095c0f1dc14acbbaae310"
  integrity sha512-WCxx1ixHT0GQU9hb0KI/mhgRQhnU+U3GvwY6ZvVjYq8rsihIGoaIOUbY0yMPBxLH5MDtr0kz3fisWGNcbWW7Jw==
  dependencies:
    object-assign "4.x"

babel-runtime@6.x, babel-runtime@^6.26.0:
  version "6.26.0"
  resolved "https://registry.yarnpkg.com/babel-runtime/-/babel-runtime-6.26.0.tgz#965c7058668e82b55d7bfe04ff2337bc8b5647fe"
  integrity sha1-llxwWGaOgrVde/4E/yM3vItWR/4=
  dependencies:
    core-js "^2.4.0"
    regenerator-runtime "^0.11.0"

bs-platform@^9.0.1:
  version "9.0.1"
  resolved "https://registry.yarnpkg.com/bs-platform/-/bs-platform-9.0.1.tgz#069dae007aadb400963cec25c8349ea1f3f6cae0"
  integrity sha512-RxUrwxVBCx9AiiyFIthZwfPn+tAn9noRHCb9xJK4Uw2deGxIytqyoWDepMbH35v7EpxX0OhfXL5RrjHTaXersA==

classnames@^2.2.6:
  version "2.2.6"
  resolved "https://registry.yarnpkg.com/classnames/-/classnames-2.2.6.tgz#43935bffdd291f326dad0a205309b38d00f650ce"
  integrity sha512-JR/iSQOSt+LQIWwrwEzJ9uk0xfN3mTVYMwt1Ir5mUcSN6pU+V4zQFFaJsclJbPuAUQH+yfWef6tm7l1quW3C8Q==

component-classes@^1.2.5:
  version "1.2.6"
  resolved "https://registry.yarnpkg.com/component-classes/-/component-classes-1.2.6.tgz#c642394c3618a4d8b0b8919efccbbd930e5cd691"
  integrity sha1-xkI5TDYYpNiwuJGe/Mu9kw5c1pE=
  dependencies:
    component-indexof "0.0.3"

component-indexof@0.0.3:
  version "0.0.3"
  resolved "https://registry.yarnpkg.com/component-indexof/-/component-indexof-0.0.3.tgz#11d091312239eb8f32c8f25ae9cb002ffe8d3c24"
  integrity sha1-EdCRMSI5648yyPJa6csAL/6NPCQ=

core-js@^2.4.0:
  version "2.6.12"
  resolved "https://registry.yarnpkg.com/core-js/-/core-js-2.6.12.tgz#d9333dfa7b065e347cc5682219d6f690859cc2ec"
  integrity sha512-Kb2wC0fvsWfQrgk8HU5lW6U/Lcs8+9aaYcy4ZFc6DDlo4nZ7n70dEgE5rtR0oG6ufKDUnrwfWL1mXR5ljDatrQ==

css-animation@^1.3.2:
  version "1.6.1"
  resolved "https://registry.yarnpkg.com/css-animation/-/css-animation-1.6.1.tgz#162064a3b0d51f958b7ff37b3d6d4de18e17039e"
  integrity sha512-/48+/BaEaHRY6kNQ2OIPzKf9A6g8WjZYjhiNDNuIVbsm5tXCGIAsHDjB4Xu1C4vXJtUWZo26O68OQkDpNBaPog==
  dependencies:
    babel-runtime "6.x"
    component-classes "^1.2.5"

dom-align@^1.7.0:
  version "1.12.0"
  resolved "https://registry.yarnpkg.com/dom-align/-/dom-align-1.12.0.tgz#56fb7156df0b91099830364d2d48f88963f5a29c"
  integrity sha512-YkoezQuhp3SLFGdOlr5xkqZ640iXrnHAwVYcDg8ZKRUtO7mSzSC2BA5V0VuyAwPSJA4CLIc6EDDJh4bEsD2+zA==

gentype@^3.44.0:
  version "3.44.0"
  resolved "https://registry.yarnpkg.com/gentype/-/gentype-3.44.0.tgz#38f182d94bd3bef904da69122548182dcb27773d"
  integrity sha512-+nbBrz3LO+OpiLr4tw8Mdy8LB/4vhGRfmiXMdZZFDNbK9k09KWIe071Zl8sOBlL+CAt7Nl1DyRVAaruhb9wuOw==

hyperform@^0.11.0:
  version "0.11.0"
  resolved "https://registry.yarnpkg.com/hyperform/-/hyperform-0.11.0.tgz#4edb189b99a613f333ef9e0a826b892d6f086633"
  integrity sha512-HFry1hgItOzFmKXNgAh/yBrULtI/j8DqqnH8V28jVQDxHFjH1cPLl+JDxoVtPoJnO8Yti+MAGubio7wGU6qXGg==

"js-tokens@^3.0.0 || ^4.0.0":
  version "4.0.0"
  resolved "https://registry.yarnpkg.com/js-tokens/-/js-tokens-4.0.0.tgz#19203fb59991df98e3a287050d4647cdeaf32499"
  integrity sha512-RdJUflcE3cUzKiMqQgsCu06FPu9UdIJO0beYbPhHN4k6apgJtifcoCtT9bcxOpYBtpD2kCM6Sbzg4CausW/PKQ==

loose-envify@^1.4.0:
  version "1.4.0"
  resolved "https://registry.yarnpkg.com/loose-envify/-/loose-envify-1.4.0.tgz#71ee51fa7be4caec1a63839f7e682d8132d30caf"
  integrity sha512-lyuxPGr/Wfhrlem2CL/UcnUc1zcqKAImBDzukY7Y5F/yQiNdko6+fRLevlw1HgMySw7f611UIY408EtxRSoK3Q==
  dependencies:
    js-tokens "^3.0.0 || ^4.0.0"

mutation-observer@^1.0.3:
  version "1.0.3"
  resolved "https://registry.yarnpkg.com/mutation-observer/-/mutation-observer-1.0.3.tgz#42e9222b101bca82e5ba9d5a7acf4a14c0f263d0"
  integrity sha512-M/O/4rF2h776hV7qGMZUH3utZLO/jK7p8rnNgGkjKUw8zCGjRQPxB8z6+5l8+VjRUQ3dNYu4vjqXYLr+U8ZVNA==

object-assign@4.x, object-assign@^4.1.1:
  version "4.1.1"
  resolved "https://registry.yarnpkg.com/object-assign/-/object-assign-4.1.1.tgz#2109adc7965887cfc05cbbd442cac8bfbb360863"
  integrity sha1-IQmtx5ZYh8/AXLvUQsrIv7s2CGM=

performance-now@^2.1.0:
  version "2.1.0"
  resolved "https://registry.yarnpkg.com/performance-now/-/performance-now-2.1.0.tgz#6309f4e0e5fa913ec1c69307ae364b4b377c9e7b"
  integrity sha1-Ywn04OX6kT7BxpMHrjZLSzd8nns=

prop-types@15.x, prop-types@^15.5.10, prop-types@^15.5.8:
  version "15.7.2"
  resolved "https://registry.yarnpkg.com/prop-types/-/prop-types-15.7.2.tgz#52c41e75b8c87e72b9d9360e0206b99dcbffa6c5"
  integrity sha512-8QQikdH7//R2vurIJSutZ1smHYTcLpRWEOlHnzcWHmBYrOGUysKwSsrC89BCiFj3CbrfJ/nXFdJepOVrY1GCHQ==
  dependencies:
    loose-envify "^1.4.0"
    object-assign "^4.1.1"
    react-is "^16.8.1"

raf@^3.4.0:
  version "3.4.1"
  resolved "https://registry.yarnpkg.com/raf/-/raf-3.4.1.tgz#0742e99a4a6552f445d73e3ee0328af0ff1ede39"
  integrity sha512-Sq4CW4QhwOHE8ucn6J34MqtZCeWFP2aQSmrlroYgqAV1PjStIhJXxYuTgUIfkEk7zTLjmIjLmU5q+fbD1NnOJA==
  dependencies:
    performance-now "^2.1.0"

rc-align@^2.4.0:
  version "2.4.5"
  resolved "https://registry.yarnpkg.com/rc-align/-/rc-align-2.4.5.tgz#c941a586f59d1017f23a428f0b468663fb7102ab"
  integrity sha512-nv9wYUYdfyfK+qskThf4BQUSIadeI/dCsfaMZfNEoxm9HwOIioQ+LyqmMK6jWHAZQgOzMLaqawhuBXlF63vgjw==
  dependencies:
    babel-runtime "^6.26.0"
    dom-align "^1.7.0"
    prop-types "^15.5.8"
    rc-util "^4.0.4"

rc-animate@2.x:
  version "2.11.1"
  resolved "https://registry.yarnpkg.com/rc-animate/-/rc-animate-2.11.1.tgz#2666eeb6f1f2a495a13b2af09e236712278fdb2c"
  integrity sha512-1NyuCGFJG/0Y+9RKh5y/i/AalUCA51opyyS/jO2seELpgymZm2u9QV3xwODwEuzkmeQ1BDPxMLmYLcTJedPlkQ==
  dependencies:
    babel-runtime "6.x"
    classnames "^2.2.6"
    css-animation "^1.3.2"
    prop-types "15.x"
    raf "^3.4.0"
    rc-util "^4.15.3"
    react-lifecycles-compat "^3.0.4"

rc-tooltip@3.7.3:
  version "3.7.3"
  resolved "https://registry.yarnpkg.com/rc-tooltip/-/rc-tooltip-3.7.3.tgz#280aec6afcaa44e8dff0480fbaff9e87fc00aecc"
  integrity sha512-dE2ibukxxkrde7wH9W8ozHKUO4aQnPZ6qBHtrTH9LoO836PjDdiaWO73fgPB05VfJs9FbZdmGPVEbXCeOP99Ww==
  dependencies:
    babel-runtime "6.x"
    prop-types "^15.5.8"
    rc-trigger "^2.2.2"

rc-trigger@^2.2.2:
  version "2.6.5"
  resolved "https://registry.yarnpkg.com/rc-trigger/-/rc-trigger-2.6.5.tgz#140a857cf28bd0fa01b9aecb1e26a50a700e9885"
  integrity sha512-m6Cts9hLeZWsTvWnuMm7oElhf+03GOjOLfTuU0QmdB9ZrW7jR2IpI5rpNM7i9MvAAlMAmTx5Zr7g3uu/aMvZAw==
  dependencies:
    babel-runtime "6.x"
    classnames "^2.2.6"
    prop-types "15.x"
    rc-align "^2.4.0"
    rc-animate "2.x"
    rc-util "^4.4.0"
    react-lifecycles-compat "^3.0.4"

rc-util@^4.0.4, rc-util@^4.15.3, rc-util@^4.4.0:
  version "4.21.1"
  resolved "https://registry.yarnpkg.com/rc-util/-/rc-util-4.21.1.tgz#88602d0c3185020aa1053d9a1e70eac161becb05"
  integrity sha512-Z+vlkSQVc1l8O2UjR3WQ+XdWlhj5q9BMQNLk2iOBch75CqPfrJyGtcWMcnhRlNuDu0Ndtt4kLVO8JI8BrABobg==
  dependencies:
    add-dom-event-listener "^1.1.0"
    prop-types "^15.5.10"
    react-is "^16.12.0"
    react-lifecycles-compat "^3.0.4"
    shallowequal "^1.1.0"

react-is@^16.12.0, react-is@^16.8.1:
  version "16.13.1"
  resolved "https://registry.yarnpkg.com/react-is/-/react-is-16.13.1.tgz#789729a4dc36de2999dc156dd6c1d9c18cea56a4"
  integrity sha512-24e6ynE2H+OKt4kqsOvNd8kBpV65zoxbA4BVsEOB3ARVWQki/DHzaUoC5KuON/BiccDaCCTZBuOcfZs70kR8bQ==

react-lifecycles-compat@^3.0.4:
  version "3.0.4"
  resolved "https://registry.yarnpkg.com/react-lifecycles-compat/-/react-lifecycles-compat-3.0.4.tgz#4f1a273afdfc8f3488a8c516bfda78f872352362"
  integrity sha512-fBASbA6LnOU9dOU2eW7aQ8xmYBSXUIWr+UmF9b1efZBazGNO+rcXT/icdKnYm2pTwcRylVUYwW7H1PHfLekVzA==

regenerator-runtime@^0.11.0:
  version "0.11.1"
  resolved "https://registry.yarnpkg.com/regenerator-runtime/-/regenerator-runtime-0.11.1.tgz#be05ad7f9bf7d22e056f9726cee5017fbf19e2e9"
  integrity sha512-MguG95oij0fC3QV3URf4V2SDYGJhJnJGqvIIgdECeODCT98wSWDAJ94SSuVpYQUoTcGUIL6L4yNB7j1DFFHSBg==

shallowequal@^1.1.0:
  version "1.1.0"
  resolved "https://registry.yarnpkg.com/shallowequal/-/shallowequal-1.1.0.tgz#188d521de95b9087404fd4dcb68b13df0ae4e7f8"
  integrity sha512-y0m1JoUZSlPAjXVtPPW70aZWfIL/dSP7AFkRnniLCrK/8MDKog3TySTBmckD+RObVxH0v4Tox67+F14PdED2oQ==

tslib@^1.10.0, tslib@^1.9.3:
  version "1.14.1"
  resolved "https://registry.yarnpkg.com/tslib/-/tslib-1.14.1.tgz#cf2d38bdc34a134bcaf1091c41f6619e2f672d00"
  integrity sha512-Xni35NKzjgMrwevysHTCArtLDpPvye8zV/0E4EyYn43P7/7qvQwPh9BGkHewbMulVntbigmcT7rdX3BNo9wRJg==
